// !$*UTF8*$!
{
	archiveVersion = 1;
	classes = {
	};
	objectVersion = 77;
	objects = {

/* Begin PBXBuildFile section */
		784D94032F09B6F800C0A758 /* macOS (Extension).appex in Embed Foundation Extensions */ = {isa = PBXBuildFile; fileRef = 784D94022F09B6F800C0A758 /* macOS (Extension).appex */; settings = {ATTRIBUTES = (RemoveHeadersOnCopy, ); }; };
		784D945C2F09BB5B00C0A758 /* iOS (Extension).appex in Embed Foundation Extensions */ = {isa = PBXBuildFile; fileRef = 784D945B2F09BB5B00C0A758 /* iOS (Extension).appex */; settings = {ATTRIBUTES = (RemoveHeadersOnCopy, ); }; };
		784D94BD2F09C16E00C0A758 /* macOS (Extension).appex in Embed Foundation Extensions */ = {isa = PBXBuildFile; fileRef = 784D94022F09B6F800C0A758 /* macOS (Extension).appex */; settings = {ATTRIBUTES = (RemoveHeadersOnCopy, ); }; };
		784DA5A52F09F21300C0A758 /* SafariWebExtensionHandler.swift in Sources */ = {isa = PBXBuildFile; fileRef = 784DA5A32F09F21300C0A758 /* SafariWebExtensionHandler.swift */; };
		784DA5A62F09F21300C0A758 /* _locales in Resources */ = {isa = PBXBuildFile; fileRef = 784DA5952F09F21300C0A758 /* _locales */; };
		784DA5A72F09F21300C0A758 /* background.js in Resources */ = {isa = PBXBuildFile; fileRef = 784DA5962F09F21300C0A758 /* background.js */; };
		784DA5A82F09F21300C0A758 /* content.js in Resources */ = {isa = PBXBuildFile; fileRef = 784DA5972F09F21300C0A758 /* content.js */; };
		784DA5A92F09F21300C0A758 /* images in Resources */ = {isa = PBXBuildFile; fileRef = 784DA5992F09F21300C0A758 /* images */; };
		784DA5AA2F09F21300C0A758 /* inject.js in Resources */ = {isa = PBXBuildFile; fileRef = 784DA59A2F09F21300C0A758 /* inject.js */; };
		784DA5AB2F09F21300C0A758 /* manifest.json in Resources */ = {isa = PBXBuildFile; fileRef = 784DA59B2F09F21300C0A758 /* manifest.json */; };
		784DA5AC2F09F21300C0A758 /* popup.css in Resources */ = {isa = PBXBuildFile; fileRef = 784DA59D2F09F21300C0A758 /* popup.css */; };
		784DA5AD2F09F21300C0A758 /* popup.html in Resources */ = {isa = PBXBuildFile; fileRef = 784DA59E2F09F21300C0A758 /* popup.html */; };
		784DA5AE2F09F21300C0A758 /* popup.js in Resources */ = {isa = PBXBuildFile; fileRef = 784DA59F2F09F21300C0A758 /* popup.js */; };
		784DA5AF2F09F21300C0A758 /* SafariWebExtensionHandler.swift in Sources */ = {isa = PBXBuildFile; fileRef = 784DA5A32F09F21300C0A758 /* SafariWebExtensionHandler.swift */; };
		784DA5B02F09F21300C0A758 /* _locales in Resources */ = {isa = PBXBuildFile; fileRef = 784DA5952F09F21300C0A758 /* _locales */; };
		784DA5B12F09F21300C0A758 /* background.js in Resources */ = {isa = PBXBuildFile; fileRef = 784DA5962F09F21300C0A758 /* background.js */; };
		784DA5B22F09F21300C0A758 /* content.js in Resources */ = {isa = PBXBuildFile; fileRef = 784DA5972F09F21300C0A758 /* content.js */; };
		784DA5B32F09F21300C0A758 /* images in Resources */ = {isa = PBXBuildFile; fileRef = 784DA5992F09F21300C0A758 /* images */; };
		784DA5B42F09F21300C0A758 /* inject.js in Resources */ = {isa = PBXBuildFile; fileRef = 784DA59A2F09F21300C0A758 /* inject.js */; };
		784DA5B52F09F21300C0A758 /* manifest.json in Resources */ = {isa = PBXBuildFile; fileRef = 784DA59B2F09F21300C0A758 /* manifest.json */; };
		784DA5B62F09F21300C0A758 /* popup.css in Resources */ = {isa = PBXBuildFile; fileRef = 784DA59D2F09F21300C0A758 /* popup.css */; };
		784DA5B72F09F21300C0A758 /* popup.html in Resources */ = {isa = PBXBuildFile; fileRef = 784DA59E2F09F21300C0A758 /* popup.html */; };
		784DA5B82F09F21300C0A758 /* popup.js in Resources */ = {isa = PBXBuildFile; fileRef = 784DA59F2F09F21300C0A758 /* popup.js */; };
		784DA5BD2F09F29700C0A758 /* content.js in Resources */ = {isa = PBXBuildFile; fileRef = 784DA5BC2F09F29700C0A758 /* content.js */; };
		784DA5BE2F09F29700C0A758 /* content.js in Resources */ = {isa = PBXBuildFile; fileRef = 784DA5BC2F09F29700C0A758 /* content.js */; };
		784DA5C12F09F2C200C0A758 /* content.js in Resources */ = {isa = PBXBuildFile; fileRef = 784DA5C02F09F2C200C0A758 /* content.js */; };
		784DA5C22F09F2C200C0A758 /* content.js in Resources */ = {isa = PBXBuildFile; fileRef = 784DA5C02F09F2C200C0A758 /* content.js */; };
		784DA5C52F09F2ED00C0A758 /* content.js in Resources */ = {isa = PBXBuildFile; fileRef = 784DA5C42F09F2ED00C0A758 /* content.js */; };
		784DA5C62F09F2ED00C0A758 /* content.js in Resources */ = {isa = PBXBuildFile; fileRef = 784DA5C42F09F2ED00C0A758 /* content.js */; };
/* End PBXBuildFile section */

/* Begin PBXContainerItemProxy section */
		784D94042F09B6F800C0A758 /* PBXContainerItemProxy */ = {
			isa = PBXContainerItemProxy;
			containerPortal = 788DF7472F09284F00AD55F8 /* Project object */;
			proxyType = 1;
			remoteGlobalIDString = 784D94012F09B6F800C0A758;
			remoteInfo = "shorts-control Extension";
		};
		784D945D2F09BB5B00C0A758 /* PBXContainerItemProxy */ = {
			isa = PBXContainerItemProxy;
			containerPortal = 788DF7472F09284F00AD55F8 /* Project object */;
			proxyType = 1;
			remoteGlobalIDString = 784D945A2F09BB5B00C0A758;
			remoteInfo = "shorts-control Extension";
		};
		784D94BE2F09C16E00C0A758 /* PBXContainerItemProxy */ = {
			isa = PBXContainerItemProxy;
			containerPortal = 788DF7472F09284F00AD55F8 /* Project object */;
			proxyType = 1;
			remoteGlobalIDString = 784D94012F09B6F800C0A758;
			remoteInfo = "macOS (Extension)";
		};
/* End PBXContainerItemProxy section */

/* Begin PBXCopyFilesBuildPhase section */
		784D94182F09B6F800C0A758 /* Embed Foundation Extensions */ = {
			isa = PBXCopyFilesBuildPhase;
			buildActionMask = 2147483647;
			dstPath = "";
			dstSubfolderSpec = 13;
			files = (
				784D94032F09B6F800C0A758 /* macOS (Extension).appex in Embed Foundation Extensions */,
			);
			name = "Embed Foundation Extensions";
			runOnlyForDeploymentPostprocessing = 0;
		};
		784D947A2F09BB5B00C0A758 /* Embed Foundation Extensions */ = {
			isa = PBXCopyFilesBuildPhase;
			buildActionMask = 2147483647;
			dstPath = "";
			dstSubfolderSpec = 13;
			files = (
				784D945C2F09BB5B00C0A758 /* iOS (Extension).appex in Embed Foundation Extensions */,
			);
			name = "Embed Foundation Extensions";
			runOnlyForDeploymentPostprocessing = 0;
		};
		784D94B82F09C11C00C0A758 /* Embed Foundation Extensions */ = {
			isa = PBXCopyFilesBuildPhase;
			buildActionMask = 2147483647;
			dstPath = "";
			dstSubfolderSpec = 13;
			files = (
				784D94BD2F09C16E00C0A758 /* macOS (Extension).appex in Embed Foundation Extensions */,
			);
			name = "Embed Foundation Extensions";
			runOnlyForDeploymentPostprocessing = 0;
		};
/* End PBXCopyFilesBuildPhase section */

/* Begin PBXFileReference section */
		784D93D32F09B6F700C0A758 /* shorts-control.app */ = {isa = PBXFileReference; explicitFileType = wrapper.application; includeInIndex = 0; path = "shorts-control.app"; sourceTree = BUILT_PRODUCTS_DIR; };
		784D94022F09B6F800C0A758 /* macOS (Extension).appex */ = {isa = PBXFileReference; explicitFileType = "wrapper.app-extension"; includeInIndex = 0; path = "macOS (Extension).appex"; sourceTree = BUILT_PRODUCTS_DIR; };
		784D94292F09BB5A00C0A758 /* iOS (App).app */ = {isa = PBXFileReference; explicitFileType = wrapper.application; includeInIndex = 0; path = "iOS (App).app"; sourceTree = BUILT_PRODUCTS_DIR; };
		784D945B2F09BB5B00C0A758 /* iOS (Extension).appex */ = {isa = PBXFileReference; explicitFileType = "wrapper.app-extension"; includeInIndex = 0; path = "iOS (Extension).appex"; sourceTree = BUILT_PRODUCTS_DIR; };
		784D94892F09C11B00C0A758 /* shorts-controlbackup.app */ = {isa = PBXFileReference; explicitFileType = wrapper.application; includeInIndex = 0; path = "shorts-controlbackup.app"; sourceTree = BUILT_PRODUCTS_DIR; };
		784D94A22F09C11C00C0A758 /* shorts-controlbackup Extension.appex */ = {isa = PBXFileReference; explicitFileType = "wrapper.app-extension"; includeInIndex = 0; path = "shorts-controlbackup Extension.appex"; sourceTree = BUILT_PRODUCTS_DIR; };
		784DA5952F09F21300C0A758 /* _locales */ = {isa = PBXFileReference; lastKnownFileType = folder; path = _locales; sourceTree = "<group>"; };
		784DA5962F09F21300C0A758 /* background.js */ = {isa = PBXFileReference; lastKnownFileType = sourcecode.javascript; path = background.js; sourceTree = "<group>"; };
		784DA5972F09F21300C0A758 /* content.js */ = {isa = PBXFileReference; lastKnownFileType = sourcecode.javascript; path = content.js; sourceTree = "<group>"; };
		784DA5992F09F21300C0A758 /* images */ = {isa = PBXFileReference; lastKnownFileType = folder; path = images; sourceTree = "<group>"; };
		784DA59A2F09F21300C0A758 /* inject.js */ = {isa = PBXFileReference; lastKnownFileType = sourcecode.javascript; path = inject.js; sourceTree = "<group>"; };
		784DA59B2F09F21300C0A758 /* manifest.json */ = {isa = PBXFileReference; lastKnownFileType = text.json; path = manifest.json; sourceTree = "<group>"; };
		784DA59D2F09F21300C0A758 /* popup.css */ = {isa = PBXFileReference; lastKnownFileType = text.css; path = popup.css; sourceTree = "<group>"; };
		784DA59E2F09F21300C0A758 /* popup.html */ = {isa = PBXFileReference; lastKnownFileType = text.html; path = popup.html; sourceTree = "<group>"; };
		784DA59F2F09F21300C0A758 /* popup.js */ = {isa = PBXFileReference; lastKnownFileType = sourcecode.javascript; path = popup.js; sourceTree = "<group>"; };
		784DA5A02F09F21300C0A758 /* shared.js */ = {isa = PBXFileReference; lastKnownFileType = sourcecode.javascript; path = shared.js; sourceTree = "<group>"; };
		784DA5A32F09F21300C0A758 /* SafariWebExtensionHandler.swift */ = {isa = PBXFileReference; lastKnownFileType = sourcecode.swift; path = SafariWebExtensionHandler.swift; sourceTree = "<group>"; };
		784DA5BC2F09F29700C0A758 /* content.js */ = {isa = PBXFileReference; lastKnownFileType = sourcecode.javascript; path = content.js; sourceTree = "<group>"; };
		784DA5C02F09F2C200C0A758 /* content.js */ = {isa = PBXFileReference; lastKnownFileType = sourcecode.javascript; path = content.js; sourceTree = "<group>"; };
		784DA5C42F09F2ED00C0A758 /* content.js */ = {isa = PBXFileReference; lastKnownFileType = sourcecode.javascript; path = content.js; sourceTree = "<group>"; };
/* End PBXFileReference section */

/* Begin PBXFileSystemSynchronizedBuildFileExceptionSet section */
		784D94B42F09C11C00C0A758 /* Exceptions for "shorts-controlbackup Extension" folder in "shorts-controlbackup Extension" target */ = {
			isa = PBXFileSystemSynchronizedBuildFileExceptionSet;
			membershipExceptions = (
				Info.plist,
			);
			target = 784D94A12F09C11C00C0A758 /* shorts-controlbackup Extension */;
		};
		784D9FE12F09E4BE00C0A758 /* Exceptions for "Shared (App)" folder in "iOS (App)" target */ = {
			isa = PBXFileSystemSynchronizedBuildFileExceptionSet;
			membershipExceptions = (
				"/Localized: Resources/Main.html",
				Assets.xcassets,
				Resources/Icon.png,
				Resources/Script.js,
				Resources/Style.css,
				ViewController.swift,
			);
			target = 784D94282F09BB5A00C0A758 /* iOS (App) */;
		};
		784D9FE62F09E4E800C0A758 /* Exceptions for "iOS (App)" folder in "iOS (App)" target */ = {
			isa = PBXFileSystemSynchronizedBuildFileExceptionSet;
			membershipExceptions = (
				"/Localized: LaunchScreen.storyboard",
				"/Localized: Main.storyboard",
				AppDelegate.swift,
				SceneDelegate.swift,
			);
			target = 784D94282F09BB5A00C0A758 /* iOS (App) */;
		};
		784D9FEB2F09E54B00C0A758 /* Exceptions for "Shared (App)" folder in "macOS (App)" target */ = {
			isa = PBXFileSystemSynchronizedBuildFileExceptionSet;
			membershipExceptions = (
				"/Localized: Resources/Main.html",
				Assets.xcassets,
				Resources/Icon.png,
				Resources/Script.js,
				Resources/Style.css,
				ViewController.swift,
			);
			target = 784D93D22F09B6F700C0A758 /* macOS (App) */;
		};
		784D9FEC2F09E54B00C0A758 /* Exceptions for "macOS (App)" folder in "macOS (App)" target */ = {
			isa = PBXFileSystemSynchronizedBuildFileExceptionSet;
			membershipExceptions = (
				"/Localized: Main.storyboard",
				AppDelegate.swift,
			);
			target = 784D93D22F09B6F700C0A758 /* macOS (App) */;
		};
/* End PBXFileSystemSynchronizedBuildFileExceptionSet section */

/* Begin PBXFileSystemSynchronizedRootGroup section */
		784D948A2F09C11B00C0A758 /* shorts-controlbackup */ = {
			isa = PBXFileSystemSynchronizedRootGroup;
			path = "shorts-controlbackup";
			sourceTree = "<group>";
		};
		784D94A62F09C11C00C0A758 /* shorts-controlbackup Extension */ = {
			isa = PBXFileSystemSynchronizedRootGroup;
			exceptions = (
				784D94B42F09C11C00C0A758 /* Exceptions for "shorts-controlbackup Extension" folder in "shorts-controlbackup Extension" target */,
			);
			path = "shorts-controlbackup Extension";
			sourceTree = "<group>";
		};
		788DF74B2F09284F00AD55F8 /* Shared (App) */ = {
			isa = PBXFileSystemSynchronizedRootGroup;
			exceptions = (
				784D9FEB2F09E54B00C0A758 /* Exceptions for "Shared (App)" folder in "macOS (App)" target */,
				784D9FE12F09E4BE00C0A758 /* Exceptions for "Shared (App)" folder in "iOS (App)" target */,
			);
			path = "Shared (App)";
			sourceTree = "<group>";
		};
		788DF7652F09285000AD55F8 /* iOS (App) */ = {
			isa = PBXFileSystemSynchronizedRootGroup;
			exceptions = (
				784D9FE62F09E4E800C0A758 /* Exceptions for "iOS (App)" folder in "iOS (App)" target */,
			);
			path = "iOS (App)";
			sourceTree = "<group>";
		};
		788DF7762F09285000AD55F8 /* macOS (App) */ = {
			isa = PBXFileSystemSynchronizedRootGroup;
			exceptions = (
				784D9FEC2F09E54B00C0A758 /* Exceptions for "macOS (App)" folder in "macOS (App)" target */,
			);
			path = "macOS (App)";
			sourceTree = "<group>";
		};
		788DF7842F09285000AD55F8 /* iOS (Extension) */ = {
			isa = PBXFileSystemSynchronizedRootGroup;
			path = "iOS (Extension)";
			sourceTree = "<group>";
		};
		788DF78E2F09285000AD55F8 /* macOS (Extension) */ = {
			isa = PBXFileSystemSynchronizedRootGroup;
			path = "macOS (Extension)";
			sourceTree = "<group>";
		};
/* End PBXFileSystemSynchronizedRootGroup section */

/* Begin PBXFrameworksBuildPhase section */
		784D93D02F09B6F700C0A758 /* Frameworks */ = {
			isa = PBXFrameworksBuildPhase;
			buildActionMask = 2147483647;
			files = (
			);
			runOnlyForDeploymentPostprocessing = 0;
		};
		784D93FF2F09B6F800C0A758 /* Frameworks */ = {
			isa = PBXFrameworksBuildPhase;
			buildActionMask = 2147483647;
			files = (
			);
			runOnlyForDeploymentPostprocessing = 0;
		};
		784D94262F09BB5A00C0A758 /* Frameworks */ = {
			isa = PBXFrameworksBuildPhase;
			buildActionMask = 2147483647;
			files = (
			);
			runOnlyForDeploymentPostprocessing = 0;
		};
		784D94582F09BB5B00C0A758 /* Frameworks */ = {
			isa = PBXFrameworksBuildPhase;
			buildActionMask = 2147483647;
			files = (
			);
			runOnlyForDeploymentPostprocessing = 0;
		};
		784D94862F09C11B00C0A758 /* Frameworks */ = {
			isa = PBXFrameworksBuildPhase;
			buildActionMask = 2147483647;
			files = (
			);
			runOnlyForDeploymentPostprocessing = 0;
		};
		784D949F2F09C11C00C0A758 /* Frameworks */ = {
			isa = PBXFrameworksBuildPhase;
			buildActionMask = 2147483647;
			files = (
			);
			runOnlyForDeploymentPostprocessing = 0;
		};
/* End PBXFrameworksBuildPhase section */

/* Begin PBXGroup section */
		784D94BC2F09C16E00C0A758 /* Frameworks */ = {
			isa = PBXGroup;
			children = (
			);
			name = Frameworks;
			sourceTree = "<group>";
		};
		784DA5A22F09F21300C0A758 /* Resources */ = {
			isa = PBXGroup;
			children = (
				784DA59B2F09F21300C0A758 /* manifest.json */,
				784DA5A02F09F21300C0A758 /* shared.js */,
				784DA5972F09F21300C0A758 /* content.js */,
				784DA5962F09F21300C0A758 /* background.js */,
				784DA5BA2F09F27600C0A758 /* sites */,
				784DA5952F09F21300C0A758 /* _locales */,
				784DA5C72F09F2FA00C0A758 /* popup */,
				784DA5992F09F21300C0A758 /* images */,
			);
			path = Resources;
			sourceTree = "<group>";
		};
		784DA5A42F09F21300C0A758 /* Shared (Extension) */ = {
			isa = PBXGroup;
			children = (
				784DA5A22F09F21300C0A758 /* Resources */,
				784DA5A32F09F21300C0A758 /* SafariWebExtensionHandler.swift */,
			);
			path = "Shared (Extension)";
			sourceTree = "<group>";
		};
		784DA5BA2F09F27600C0A758 /* sites */ = {
			isa = PBXGroup;
			children = (
				784DA5BF2F09F2BD00C0A758 /* facebook */,
				784DA5BB2F09F27D00C0A758 /* instagram */,
				784DA5C32F09F2E800C0A758 /* youtube */,
			);
			path = sites;
			sourceTree = "<group>";
		};
		784DA5BB2F09F27D00C0A758 /* instagram */ = {
			isa = PBXGroup;
			children = (
				784DA5BC2F09F29700C0A758 /* content.js */,
				784DA59A2F09F21300C0A758 /* inject.js */,
			);
			path = instagram;
			sourceTree = "<group>";
		};
		784DA5BF2F09F2BD00C0A758 /* facebook */ = {
			isa = PBXGroup;
			children = (
				784DA5C02F09F2C200C0A758 /* content.js */,
			);
			path = facebook;
			sourceTree = "<group>";
		};
		784DA5C32F09F2E800C0A758 /* youtube */ = {
			isa = PBXGroup;
			children = (
				784DA5C42F09F2ED00C0A758 /* content.js */,
			);
			path = youtube;
			sourceTree = "<group>";
		};
		784DA5C72F09F2FA00C0A758 /* popup */ = {
			isa = PBXGroup;
			children = (
				784DA59D2F09F21300C0A758 /* popup.css */,
				784DA59E2F09F21300C0A758 /* popup.html */,
				784DA59F2F09F21300C0A758 /* popup.js */,
			);
			path = popup;
			sourceTree = "<group>";
		};
		788DF7462F09284F00AD55F8 = {
			isa = PBXGroup;
			children = (
				788DF74B2F09284F00AD55F8 /* Shared (App) */,
				784DA5A42F09F21300C0A758 /* Shared (Extension) */,
				788DF7652F09285000AD55F8 /* iOS (App) */,
				788DF7762F09285000AD55F8 /* macOS (App) */,
				788DF7842F09285000AD55F8 /* iOS (Extension) */,
				788DF78E2F09285000AD55F8 /* macOS (Extension) */,
				784D948A2F09C11B00C0A758 /* shorts-controlbackup */,
				784D94A62F09C11C00C0A758 /* shorts-controlbackup Extension */,
				784D94BC2F09C16E00C0A758 /* Frameworks */,
				788DF7642F09285000AD55F8 /* Products */,
			);
			sourceTree = "<group>";
		};
		788DF7642F09285000AD55F8 /* Products */ = {
			isa = PBXGroup;
			children = (
				784D93D32F09B6F700C0A758 /* shorts-control.app */,
				784D94022F09B6F800C0A758 /* macOS (Extension).appex */,
				784D94292F09BB5A00C0A758 /* iOS (App).app */,
				784D945B2F09BB5B00C0A758 /* iOS (Extension).appex */,
				784D94892F09C11B00C0A758 /* shorts-controlbackup.app */,
				784D94A22F09C11C00C0A758 /* shorts-controlbackup Extension.appex */,
			);
			name = Products;
			sourceTree = "<group>";
		};
/* End PBXGroup section */

/* Begin PBXNativeTarget section */
		784D93D22F09B6F700C0A758 /* macOS (App) */ = {
			isa = PBXNativeTarget;
			buildConfigurationList = 784D94192F09B6F800C0A758 /* Build configuration list for PBXNativeTarget "macOS (App)" */;
			buildPhases = (
				784D93CF2F09B6F700C0A758 /* Sources */,
				784D93D02F09B6F700C0A758 /* Frameworks */,
				784D93D12F09B6F700C0A758 /* Resources */,
				784D94182F09B6F800C0A758 /* Embed Foundation Extensions */,
			);
			buildRules = (
			);
			dependencies = (
				784D94052F09B6F800C0A758 /* PBXTargetDependency */,
			);
			name = "macOS (App)";
			packageProductDependencies = (
			);
			productName = "shorts-control";
			productReference = 784D93D32F09B6F700C0A758 /* shorts-control.app */;
			productType = "com.apple.product-type.application";
		};
		784D94012F09B6F800C0A758 /* macOS (Extension) */ = {
			isa = PBXNativeTarget;
			buildConfigurationList = 784D94152F09B6F800C0A758 /* Build configuration list for PBXNativeTarget "macOS (Extension)" */;
			buildPhases = (
				784D93FE2F09B6F800C0A758 /* Sources */,
				784D93FF2F09B6F800C0A758 /* Frameworks */,
				784D94002F09B6F800C0A758 /* Resources */,
			);
			buildRules = (
			);
			dependencies = (
			);
			name = "macOS (Extension)";
			packageProductDependencies = (
			);
			productName = "shorts-control Extension";
			productReference = 784D94022F09B6F800C0A758 /* macOS (Extension).appex */;
			productType = "com.apple.product-type.app-extension";
		};
		784D94282F09BB5A00C0A758 /* iOS (App) */ = {
			isa = PBXNativeTarget;
			buildConfigurationList = 784D947B2F09BB5B00C0A758 /* Build configuration list for PBXNativeTarget "iOS (App)" */;
			buildPhases = (
				784D94252F09BB5A00C0A758 /* Sources */,
				784D94262F09BB5A00C0A758 /* Frameworks */,
				784D94272F09BB5A00C0A758 /* Resources */,
				784D947A2F09BB5B00C0A758 /* Embed Foundation Extensions */,
			);
			buildRules = (
			);
			dependencies = (
				784D945E2F09BB5B00C0A758 /* PBXTargetDependency */,
			);
			name = "iOS (App)";
			packageProductDependencies = (
			);
			productName = "shorts-control";
			productReference = 784D94292F09BB5A00C0A758 /* iOS (App).app */;
			productType = "com.apple.product-type.application";
		};
		784D945A2F09BB5B00C0A758 /* iOS (Extension) */ = {
			isa = PBXNativeTarget;
			buildConfigurationList = 784D94762F09BB5B00C0A758 /* Build configuration list for PBXNativeTarget "iOS (Extension)" */;
			buildPhases = (
				784D94572F09BB5B00C0A758 /* Sources */,
				784D94582F09BB5B00C0A758 /* Frameworks */,
				784D94592F09BB5B00C0A758 /* Resources */,
			);
			buildRules = (
			);
			dependencies = (
			);
			name = "iOS (Extension)";
			packageProductDependencies = (
			);
			productName = "shorts-control Extension";
			productReference = 784D945B2F09BB5B00C0A758 /* iOS (Extension).appex */;
			productType = "com.apple.product-type.app-extension";
		};
		784D94882F09C11B00C0A758 /* shorts-controlbackup */ = {
			isa = PBXNativeTarget;
			buildConfigurationList = 784D94B92F09C11C00C0A758 /* Build configuration list for PBXNativeTarget "shorts-controlbackup" */;
			buildPhases = (
				784D94852F09C11B00C0A758 /* Sources */,
				784D94862F09C11B00C0A758 /* Frameworks */,
				784D94872F09C11B00C0A758 /* Resources */,
				784D94B82F09C11C00C0A758 /* Embed Foundation Extensions */,
			);
			buildRules = (
			);
			dependencies = (
				784D94BF2F09C16E00C0A758 /* PBXTargetDependency */,
			);
			fileSystemSynchronizedGroups = (
				784D948A2F09C11B00C0A758 /* shorts-controlbackup */,
			);
			name = "shorts-controlbackup";
			packageProductDependencies = (
			);
			productName = "shorts-controlbackup";
			productReference = 784D94892F09C11B00C0A758 /* shorts-controlbackup.app */;
			productType = "com.apple.product-type.application";
		};
		784D94A12F09C11C00C0A758 /* shorts-controlbackup Extension */ = {
			isa = PBXNativeTarget;
			buildConfigurationList = 784D94B52F09C11C00C0A758 /* Build configuration list for PBXNativeTarget "shorts-controlbackup Extension" */;
			buildPhases = (
				784D949E2F09C11C00C0A758 /* Sources */,
				784D949F2F09C11C00C0A758 /* Frameworks */,
				784D94A02F09C11C00C0A758 /* Resources */,
			);
			buildRules = (
			);
			dependencies = (
			);
			fileSystemSynchronizedGroups = (
				784D94A62F09C11C00C0A758 /* shorts-controlbackup Extension */,
			);
			name = "shorts-controlbackup Extension";
			packageProductDependencies = (
			);
			productName = "shorts-controlbackup Extension";
			productReference = 784D94A22F09C11C00C0A758 /* shorts-controlbackup Extension.appex */;
			productType = "com.apple.product-type.app-extension";
		};
/* End PBXNativeTarget section */

/* Begin PBXProject section */
		788DF7472F09284F00AD55F8 /* Project object */ = {
			isa = PBXProject;
			attributes = {
				BuildIndependentTargetsInParallel = 1;
				LastSwiftUpdateCheck = 2610;
				LastUpgradeCheck = 2610;
				TargetAttributes = {
					784D93D22F09B6F700C0A758 = {
						CreatedOnToolsVersion = 26.1.1;
					};
					784D94012F09B6F800C0A758 = {
						CreatedOnToolsVersion = 26.1.1;
					};
					784D94282F09BB5A00C0A758 = {
						CreatedOnToolsVersion = 26.1.1;
					};
					784D945A2F09BB5B00C0A758 = {
						CreatedOnToolsVersion = 26.1.1;
					};
					784D94882F09C11B00C0A758 = {
						CreatedOnToolsVersion = 26.1.1;
					};
					784D94A12F09C11C00C0A758 = {
						CreatedOnToolsVersion = 26.1.1;
					};
				};
			};
			buildConfigurationList = 788DF74A2F09284F00AD55F8 /* Build configuration list for PBXProject "shorts-control" */;
			developmentRegion = en;
			hasScannedForEncodings = 0;
			knownRegions = (
				en,
				Base,
			);
			mainGroup = 788DF7462F09284F00AD55F8;
			minimizedProjectReferenceProxies = 1;
			preferredProjectObjectVersion = 77;
			productRefGroup = 788DF7642F09285000AD55F8 /* Products */;
			projectDirPath = "";
			projectRoot = "";
			targets = (
				784D93D22F09B6F700C0A758 /* macOS (App) */,
				784D94012F09B6F800C0A758 /* macOS (Extension) */,
				784D94282F09BB5A00C0A758 /* iOS (App) */,
				784D945A2F09BB5B00C0A758 /* iOS (Extension) */,
				784D94882F09C11B00C0A758 /* shorts-controlbackup */,
				784D94A12F09C11C00C0A758 /* shorts-controlbackup Extension */,
			);
		};
/* End PBXProject section */

/* Begin PBXResourcesBuildPhase section */
		784D93D12F09B6F700C0A758 /* Resources */ = {
			isa = PBXResourcesBuildPhase;
			buildActionMask = 2147483647;
			files = (
			);
			runOnlyForDeploymentPostprocessing = 0;
		};
		784D94002F09B6F800C0A758 /* Resources */ = {
			isa = PBXResourcesBuildPhase;
			buildActionMask = 2147483647;
			files = (
				784DA5BE2F09F29700C0A758 /* content.js in Resources */,
				784DA5A62F09F21300C0A758 /* _locales in Resources */,
				784DA5C62F09F2ED00C0A758 /* content.js in Resources */,
				784DA5A72F09F21300C0A758 /* background.js in Resources */,
				784DA5A82F09F21300C0A758 /* content.js in Resources */,
				784DA5A92F09F21300C0A758 /* images in Resources */,
				784DA5AA2F09F21300C0A758 /* inject.js in Resources */,
				784DA5AB2F09F21300C0A758 /* manifest.json in Resources */,
				784DA5AC2F09F21300C0A758 /* popup.css in Resources */,
				784DA5AD2F09F21300C0A758 /* popup.html in Resources */,
				784DA5C12F09F2C200C0A758 /* content.js in Resources */,
				784DA5AE2F09F21300C0A758 /* popup.js in Resources */,
			);
			runOnlyForDeploymentPostprocessing = 0;
		};
		784D94272F09BB5A00C0A758 /* Resources */ = {
			isa = PBXResourcesBuildPhase;
			buildActionMask = 2147483647;
			files = (
			);
			runOnlyForDeploymentPostprocessing = 0;
		};
		784D94592F09BB5B00C0A758 /* Resources */ = {
			isa = PBXResourcesBuildPhase;
			buildActionMask = 2147483647;
			files = (
				784DA5BD2F09F29700C0A758 /* content.js in Resources */,
				784DA5B02F09F21300C0A758 /* _locales in Resources */,
				784DA5C52F09F2ED00C0A758 /* content.js in Resources */,
				784DA5B12F09F21300C0A758 /* background.js in Resources */,
				784DA5B22F09F21300C0A758 /* content.js in Resources */,
				784DA5B32F09F21300C0A758 /* images in Resources */,
				784DA5B42F09F21300C0A758 /* inject.js in Resources */,
				784DA5B52F09F21300C0A758 /* manifest.json in Resources */,
				784DA5B62F09F21300C0A758 /* popup.css in Resources */,
				784DA5B72F09F21300C0A758 /* popup.html in Resources */,
				784DA5C22F09F2C200C0A758 /* content.js in Resources */,
				784DA5B82F09F21300C0A758 /* popup.js in Resources */,
			);
			runOnlyForDeploymentPostprocessing = 0;
		};
		784D94872F09C11B00C0A758 /* Resources */ = {
			isa = PBXResourcesBuildPhase;
			buildActionMask = 2147483647;
			files = (
			);
			runOnlyForDeploymentPostprocessing = 0;
		};
		784D94A02F09C11C00C0A758 /* Resources */ = {
			isa = PBXResourcesBuildPhase;
			buildActionMask = 2147483647;
			files = (
			);
			runOnlyForDeploymentPostprocessing = 0;
		};
/* End PBXResourcesBuildPhase section */

/* Begin PBXSourcesBuildPhase section */
		784D93CF2F09B6F700C0A758 /* Sources */ = {
			isa = PBXSourcesBuildPhase;
			buildActionMask = 2147483647;
			files = (
			);
			runOnlyForDeploymentPostprocessing = 0;
		};
		784D93FE2F09B6F800C0A758 /* Sources */ = {
			isa = PBXSourcesBuildPhase;
			buildActionMask = 2147483647;
			files = (
				784DA5A52F09F21300C0A758 /* SafariWebExtensionHandler.swift in Sources */,
			);
			runOnlyForDeploymentPostprocessing = 0;
		};
		784D94252F09BB5A00C0A758 /* Sources */ = {
			isa = PBXSourcesBuildPhase;
			buildActionMask = 2147483647;
			files = (
			);
			runOnlyForDeploymentPostprocessing = 0;
		};
		784D94572F09BB5B00C0A758 /* Sources */ = {
			isa = PBXSourcesBuildPhase;
			buildActionMask = 2147483647;
			files = (
				784DA5AF2F09F21300C0A758 /* SafariWebExtensionHandler.swift in Sources */,
			);
			runOnlyForDeploymentPostprocessing = 0;
		};
		784D94852F09C11B00C0A758 /* Sources */ = {
			isa = PBXSourcesBuildPhase;
			buildActionMask = 2147483647;
			files = (
			);
			runOnlyForDeploymentPostprocessing = 0;
		};
		784D949E2F09C11C00C0A758 /* Sources */ = {
			isa = PBXSourcesBuildPhase;
			buildActionMask = 2147483647;
			files = (
			);
			runOnlyForDeploymentPostprocessing = 0;
		};
/* End PBXSourcesBuildPhase section */

/* Begin PBXTargetDependency section */
		784D94052F09B6F800C0A758 /* PBXTargetDependency */ = {
			isa = PBXTargetDependency;
			target = 784D94012F09B6F800C0A758 /* macOS (Extension) */;
			targetProxy = 784D94042F09B6F800C0A758 /* PBXContainerItemProxy */;
		};
		784D945E2F09BB5B00C0A758 /* PBXTargetDependency */ = {
			isa = PBXTargetDependency;
			target = 784D945A2F09BB5B00C0A758 /* iOS (Extension) */;
			targetProxy = 784D945D2F09BB5B00C0A758 /* PBXContainerItemProxy */;
		};
		784D94BF2F09C16E00C0A758 /* PBXTargetDependency */ = {
			isa = PBXTargetDependency;
			target = 784D94012F09B6F800C0A758 /* macOS (Extension) */;
			targetProxy = 784D94BE2F09C16E00C0A758 /* PBXContainerItemProxy */;
		};
/* End PBXTargetDependency section */

/* Begin XCBuildConfiguration section */
		784D94162F09B6F800C0A758 /* Debug */ = {
			isa = XCBuildConfiguration;
			buildSettings = {
				CODE_SIGN_STYLE = Automatic;
				CURRENT_PROJECT_VERSION = 1;
				DEVELOPMENT_TEAM = Y8DWE63H8E;
				ENABLE_APP_SANDBOX = YES;
				ENABLE_HARDENED_RUNTIME = YES;
				ENABLE_USER_SELECTED_FILES = readonly;
				GENERATE_INFOPLIST_FILE = YES;
				INFOPLIST_FILE = "macOS (Extension)/Info.plist";
				INFOPLIST_KEY_CFBundleDisplayName = "shorts-control";
				INFOPLIST_KEY_NSHumanReadableCopyright = "";
				LD_RUNPATH_SEARCH_PATHS = (
					"$(inherited)",
					"@executable_path/../Frameworks",
					"@executable_path/../../../../Frameworks",
				);
				MACOSX_DEPLOYMENT_TARGET = 11.5;
				MARKETING_VERSION = 1.0;
				OTHER_LDFLAGS = (
					"-framework",
					SafariServices,
				);
				PRODUCT_BUNDLE_IDENTIFIER = "com.chandelier647.shorts-control.Extension";
				PRODUCT_NAME = "$(TARGET_NAME)";
				SDKROOT = macosx;
				SKIP_INSTALL = YES;
				STRING_CATALOG_GENERATE_SYMBOLS = YES;
				SWIFT_APPROACHABLE_CONCURRENCY = YES;
				SWIFT_EMIT_LOC_STRINGS = YES;
				SWIFT_UPCOMING_FEATURE_MEMBER_IMPORT_VISIBILITY = YES;
				SWIFT_VERSION = 5.0;
			};
			name = Debug;
		};
		784D94172F09B6F800C0A758 /* Release */ = {
			isa = XCBuildConfiguration;
			buildSettings = {
				CODE_SIGN_STYLE = Automatic;
				CURRENT_PROJECT_VERSION = 1;
				DEVELOPMENT_TEAM = Y8DWE63H8E;
				ENABLE_APP_SANDBOX = YES;
				ENABLE_HARDENED_RUNTIME = YES;
				ENABLE_USER_SELECTED_FILES = readonly;
				GENERATE_INFOPLIST_FILE = YES;
				INFOPLIST_FILE = "macOS (Extension)/Info.plist";
				INFOPLIST_KEY_CFBundleDisplayName = "shorts-control";
				INFOPLIST_KEY_NSHumanReadableCopyright = "";
				LD_RUNPATH_SEARCH_PATHS = (
					"$(inherited)",
					"@executable_path/../Frameworks",
					"@executable_path/../../../../Frameworks",
				);
				MACOSX_DEPLOYMENT_TARGET = 11.5;
				MARKETING_VERSION = 1.0;
				OTHER_LDFLAGS = (
					"-framework",
					SafariServices,
				);
				PRODUCT_BUNDLE_IDENTIFIER = "com.chandelier647.shorts-control.Extension";
				PRODUCT_NAME = "$(TARGET_NAME)";
				SDKROOT = macosx;
				SKIP_INSTALL = YES;
				STRING_CATALOG_GENERATE_SYMBOLS = YES;
				SWIFT_APPROACHABLE_CONCURRENCY = YES;
				SWIFT_EMIT_LOC_STRINGS = YES;
				SWIFT_UPCOMING_FEATURE_MEMBER_IMPORT_VISIBILITY = YES;
				SWIFT_VERSION = 5.0;
			};
			name = Release;
		};
		784D941A2F09B6F800C0A758 /* Debug */ = {
			isa = XCBuildConfiguration;
			buildSettings = {
				ASSETCATALOG_COMPILER_APPICON_NAME = AppIcon;
				ASSETCATALOG_COMPILER_GLOBAL_ACCENT_COLOR_NAME = AccentColor;
				CODE_SIGN_ENTITLEMENTS = "macOS (App)/macOS (App).entitlements";
				CODE_SIGN_IDENTITY = "Apple Development";
				CODE_SIGN_STYLE = Automatic;
				COMBINE_HIDPI_IMAGES = YES;
				CURRENT_PROJECT_VERSION = 1;
				DEVELOPMENT_TEAM = Y8DWE63H8E;
				ENABLE_APP_SANDBOX = YES;
				ENABLE_HARDENED_RUNTIME = YES;
				ENABLE_OUTGOING_NETWORK_CONNECTIONS = YES;
				ENABLE_USER_SELECTED_FILES = readonly;
				GENERATE_INFOPLIST_FILE = YES;
				INFOPLIST_FILE = "macOS--App--Info.plist";
				INFOPLIST_KEY_CFBundleDisplayName = "shorts-control";
				INFOPLIST_KEY_NSHumanReadableCopyright = "";
				INFOPLIST_KEY_NSMainStoryboardFile = Main;
				INFOPLIST_KEY_NSPrincipalClass = NSApplication;
				LD_RUNPATH_SEARCH_PATHS = (
					"$(inherited)",
					"@executable_path/../Frameworks",
				);
				MACOSX_DEPLOYMENT_TARGET = 11.5;
				MARKETING_VERSION = 1.0;
				OTHER_LDFLAGS = (
					"-framework",
					SafariServices,
					"-framework",
					WebKit,
				);
				PRODUCT_BUNDLE_IDENTIFIER = "com.chandelier647.shorts-control";
				PRODUCT_NAME = "$(PROJECT_NAME)";
				PROVISIONING_PROFILE_SPECIFIER = "";
				REGISTER_APP_GROUPS = YES;
				SDKROOT = macosx;
				STRING_CATALOG_GENERATE_SYMBOLS = YES;
				SWIFT_APPROACHABLE_CONCURRENCY = YES;
				SWIFT_DEFAULT_ACTOR_ISOLATION = MainActor;
				SWIFT_EMIT_LOC_STRINGS = YES;
				SWIFT_UPCOMING_FEATURE_MEMBER_IMPORT_VISIBILITY = YES;
				SWIFT_VERSION = 5.0;
			};
			name = Debug;
		};
		784D941B2F09B6F800C0A758 /* Release */ = {
			isa = XCBuildConfiguration;
			buildSettings = {
				ASSETCATALOG_COMPILER_APPICON_NAME = AppIcon;
				ASSETCATALOG_COMPILER_GLOBAL_ACCENT_COLOR_NAME = AccentColor;
				CODE_SIGN_ENTITLEMENTS = "macOS (App)/macOS (App).entitlements";
				CODE_SIGN_IDENTITY = "Apple Development";
				CODE_SIGN_STYLE = Automatic;
				COMBINE_HIDPI_IMAGES = YES;
				CURRENT_PROJECT_VERSION = 1;
				DEVELOPMENT_TEAM = Y8DWE63H8E;
				ENABLE_APP_SANDBOX = YES;
				ENABLE_HARDENED_RUNTIME = YES;
				ENABLE_OUTGOING_NETWORK_CONNECTIONS = YES;
				ENABLE_USER_SELECTED_FILES = readonly;
				GENERATE_INFOPLIST_FILE = YES;
				INFOPLIST_FILE = "macOS--App--Info.plist";
				INFOPLIST_KEY_CFBundleDisplayName = "shorts-control";
				INFOPLIST_KEY_NSHumanReadableCopyright = "";
				INFOPLIST_KEY_NSMainStoryboardFile = Main;
				INFOPLIST_KEY_NSPrincipalClass = NSApplication;
				LD_RUNPATH_SEARCH_PATHS = (
					"$(inherited)",
					"@executable_path/../Frameworks",
				);
				MACOSX_DEPLOYMENT_TARGET = 11.5;
				MARKETING_VERSION = 1.0;
				MARKETPLACES = "";
				OTHER_LDFLAGS = (
					"-framework",
					SafariServices,
					"-framework",
					WebKit,
				);
				PRODUCT_BUNDLE_IDENTIFIER = "com.chandelier647.shorts-control";
				PRODUCT_NAME = "$(PROJECT_NAME)";
				PROVISIONING_PROFILE_SPECIFIER = "";
				REGISTER_APP_GROUPS = YES;
				SDKROOT = macosx;
				STRING_CATALOG_GENERATE_SYMBOLS = YES;
				SWIFT_APPROACHABLE_CONCURRENCY = YES;
				SWIFT_DEFAULT_ACTOR_ISOLATION = MainActor;
				SWIFT_EMIT_LOC_STRINGS = YES;
				SWIFT_UPCOMING_FEATURE_MEMBER_IMPORT_VISIBILITY = YES;
				SWIFT_VERSION = 5.0;
			};
			name = Release;
		};
		784D94772F09BB5B00C0A758 /* Debug */ = {
			isa = XCBuildConfiguration;
			buildSettings = {
				CODE_SIGN_STYLE = Automatic;
				CURRENT_PROJECT_VERSION = 1;
				DEVELOPMENT_TEAM = Y8DWE63H8E;
				GENERATE_INFOPLIST_FILE = YES;
				INFOPLIST_FILE = "shorts-control Extension/Info.plist";
				INFOPLIST_KEY_CFBundleDisplayName = "shorts-control";
				INFOPLIST_KEY_NSHumanReadableCopyright = "";
				IPHONEOS_DEPLOYMENT_TARGET = 15.6;
				LD_RUNPATH_SEARCH_PATHS = (
					"$(inherited)",
					"@executable_path/Frameworks",
					"@executable_path/../../Frameworks",
				);
				MARKETING_VERSION = 1.0;
				OTHER_LDFLAGS = (
					"-framework",
					SafariServices,
				);
				PRODUCT_BUNDLE_IDENTIFIER = "com.chandelier647.shorts-control.Extension";
				PRODUCT_NAME = "$(TARGET_NAME)";
				SDKROOT = iphoneos;
				SKIP_INSTALL = YES;
				STRING_CATALOG_GENERATE_SYMBOLS = YES;
				SWIFT_APPROACHABLE_CONCURRENCY = YES;
				SWIFT_EMIT_LOC_STRINGS = YES;
				SWIFT_UPCOMING_FEATURE_MEMBER_IMPORT_VISIBILITY = YES;
				SWIFT_VERSION = 5.0;
				TARGETED_DEVICE_FAMILY = "1,2";
			};
			name = Debug;
		};
		784D94782F09BB5B00C0A758 /* Release */ = {
			isa = XCBuildConfiguration;
			buildSettings = {
				CODE_SIGN_STYLE = Automatic;
				CURRENT_PROJECT_VERSION = 1;
				DEVELOPMENT_TEAM = Y8DWE63H8E;
				GENERATE_INFOPLIST_FILE = YES;
				INFOPLIST_FILE = "shorts-control Extension/Info.plist";
				INFOPLIST_KEY_CFBundleDisplayName = "shorts-control";
				INFOPLIST_KEY_NSHumanReadableCopyright = "";
				IPHONEOS_DEPLOYMENT_TARGET = 15.6;
				LD_RUNPATH_SEARCH_PATHS = (
					"$(inherited)",
					"@executable_path/Frameworks",
					"@executable_path/../../Frameworks",
				);
				MARKETING_VERSION = 1.0;
				OTHER_LDFLAGS = (
					"-framework",
					SafariServices,
				);
				PRODUCT_BUNDLE_IDENTIFIER = "com.chandelier647.shorts-control.Extension";
				PRODUCT_NAME = "$(TARGET_NAME)";
				SDKROOT = iphoneos;
				SKIP_INSTALL = YES;
				STRING_CATALOG_GENERATE_SYMBOLS = YES;
				SWIFT_APPROACHABLE_CONCURRENCY = YES;
				SWIFT_EMIT_LOC_STRINGS = YES;
				SWIFT_UPCOMING_FEATURE_MEMBER_IMPORT_VISIBILITY = YES;
				SWIFT_VERSION = 5.0;
				TARGETED_DEVICE_FAMILY = "1,2";
				VALIDATE_PRODUCT = YES;
			};
			name = Release;
		};
		784D947C2F09BB5B00C0A758 /* Debug */ = {
			isa = XCBuildConfiguration;
			buildSettings = {
				ASSETCATALOG_COMPILER_APPICON_NAME = AppIcon;
				ASSETCATALOG_COMPILER_GLOBAL_ACCENT_COLOR_NAME = AccentColor;
				CODE_SIGN_STYLE = Automatic;
				CURRENT_PROJECT_VERSION = 1;
				DEVELOPMENT_TEAM = Y8DWE63H8E;
				GENERATE_INFOPLIST_FILE = YES;
				INFOPLIST_FILE = "iOS (App)/Info.plist";
				INFOPLIST_KEY_CFBundleDisplayName = "shorts-control";
				INFOPLIST_KEY_UIApplicationSupportsIndirectInputEvents = YES;
				INFOPLIST_KEY_UILaunchStoryboardName = LaunchScreen;
				INFOPLIST_KEY_UIMainStoryboardFile = Main;
				INFOPLIST_KEY_UISupportedInterfaceOrientations_iPad = "UIInterfaceOrientationPortrait UIInterfaceOrientationPortraitUpsideDown UIInterfaceOrientationLandscapeLeft UIInterfaceOrientationLandscapeRight";
				INFOPLIST_KEY_UISupportedInterfaceOrientations_iPhone = "UIInterfaceOrientationPortrait UIInterfaceOrientationLandscapeLeft UIInterfaceOrientationLandscapeRight";
				IPHONEOS_DEPLOYMENT_TARGET = 15.6;
				LD_RUNPATH_SEARCH_PATHS = (
					"$(inherited)",
					"@executable_path/Frameworks",
				);
				MARKETING_VERSION = 1.0;
				OTHER_LDFLAGS = (
					"-framework",
					SafariServices,
					"-framework",
					WebKit,
				);
				PRODUCT_BUNDLE_IDENTIFIER = "com.chandelier647.shorts-control";
				PRODUCT_NAME = "$(TARGET_NAME)";
				SDKROOT = iphoneos;
				STRING_CATALOG_GENERATE_SYMBOLS = YES;
				SWIFT_APPROACHABLE_CONCURRENCY = YES;
				SWIFT_DEFAULT_ACTOR_ISOLATION = MainActor;
				SWIFT_EMIT_LOC_STRINGS = YES;
				SWIFT_UPCOMING_FEATURE_MEMBER_IMPORT_VISIBILITY = YES;
				SWIFT_VERSION = 5.0;
				TARGETED_DEVICE_FAMILY = "1,2";
			};
			name = Debug;
		};
		784D947D2F09BB5B00C0A758 /* Release */ = {
			isa = XCBuildConfiguration;
			buildSettings = {
				ASSETCATALOG_COMPILER_APPICON_NAME = AppIcon;
				ASSETCATALOG_COMPILER_GLOBAL_ACCENT_COLOR_NAME = AccentColor;
				CODE_SIGN_STYLE = Automatic;
				CURRENT_PROJECT_VERSION = 1;
				DEVELOPMENT_TEAM = Y8DWE63H8E;
				GENERATE_INFOPLIST_FILE = YES;
				INFOPLIST_FILE = "iOS (App)/Info.plist";
				INFOPLIST_KEY_CFBundleDisplayName = "shorts-control";
				INFOPLIST_KEY_UIApplicationSupportsIndirectInputEvents = YES;
				INFOPLIST_KEY_UILaunchStoryboardName = LaunchScreen;
				INFOPLIST_KEY_UIMainStoryboardFile = Main;
				INFOPLIST_KEY_UISupportedInterfaceOrientations_iPad = "UIInterfaceOrientationPortrait UIInterfaceOrientationPortraitUpsideDown UIInterfaceOrientationLandscapeLeft UIInterfaceOrientationLandscapeRight";
				INFOPLIST_KEY_UISupportedInterfaceOrientations_iPhone = "UIInterfaceOrientationPortrait UIInterfaceOrientationLandscapeLeft UIInterfaceOrientationLandscapeRight";
				IPHONEOS_DEPLOYMENT_TARGET = 15.6;
				LD_RUNPATH_SEARCH_PATHS = (
					"$(inherited)",
					"@executable_path/Frameworks",
				);
				MARKETING_VERSION = 1.0;
				OTHER_LDFLAGS = (
					"-framework",
					SafariServices,
					"-framework",
					WebKit,
				);
				PRODUCT_BUNDLE_IDENTIFIER = "com.chandelier647.shorts-control";
				PRODUCT_NAME = "$(TARGET_NAME)";
				SDKROOT = iphoneos;
				STRING_CATALOG_GENERATE_SYMBOLS = YES;
				SWIFT_APPROACHABLE_CONCURRENCY = YES;
				SWIFT_DEFAULT_ACTOR_ISOLATION = MainActor;
				SWIFT_EMIT_LOC_STRINGS = YES;
				SWIFT_UPCOMING_FEATURE_MEMBER_IMPORT_VISIBILITY = YES;
				SWIFT_VERSION = 5.0;
				TARGETED_DEVICE_FAMILY = "1,2";
				VALIDATE_PRODUCT = YES;
			};
			name = Release;
		};
		784D94B62F09C11C00C0A758 /* Debug */ = {
			isa = XCBuildConfiguration;
			buildSettings = {
				CODE_SIGN_STYLE = Automatic;
				CURRENT_PROJECT_VERSION = 1;
				DEVELOPMENT_TEAM = Y8DWE63H8E;
				ENABLE_APP_SANDBOX = YES;
				ENABLE_HARDENED_RUNTIME = YES;
				ENABLE_USER_SELECTED_FILES = readonly;
				GENERATE_INFOPLIST_FILE = YES;
				INFOPLIST_FILE = "shorts-controlbackup Extension/Info.plist";
				INFOPLIST_KEY_CFBundleDisplayName = "shorts-controlbackup Extension";
				INFOPLIST_KEY_NSHumanReadableCopyright = "";
				LD_RUNPATH_SEARCH_PATHS = (
					"$(inherited)",
					"@executable_path/../Frameworks",
					"@executable_path/../../../../Frameworks",
				);
				MACOSX_DEPLOYMENT_TARGET = 26.1;
				MARKETING_VERSION = 1.0;
				OTHER_LDFLAGS = (
					"-framework",
					SafariServices,
				);
				PRODUCT_BUNDLE_IDENTIFIER = "com.chandelier647.shorts-controlbackup.Extension";
				PRODUCT_NAME = "$(TARGET_NAME)";
				SDKROOT = macosx;
				SKIP_INSTALL = YES;
				STRING_CATALOG_GENERATE_SYMBOLS = YES;
				SWIFT_APPROACHABLE_CONCURRENCY = YES;
				SWIFT_EMIT_LOC_STRINGS = YES;
				SWIFT_UPCOMING_FEATURE_MEMBER_IMPORT_VISIBILITY = YES;
				SWIFT_VERSION = 5.0;
			};
			name = Debug;
		};
		784D94B72F09C11C00C0A758 /* Release */ = {
			isa = XCBuildConfiguration;
			buildSettings = {
				CODE_SIGN_STYLE = Automatic;
				CURRENT_PROJECT_VERSION = 1;
				DEVELOPMENT_TEAM = Y8DWE63H8E;
				ENABLE_APP_SANDBOX = YES;
				ENABLE_HARDENED_RUNTIME = YES;
				ENABLE_USER_SELECTED_FILES = readonly;
				GENERATE_INFOPLIST_FILE = YES;
				INFOPLIST_FILE = "shorts-controlbackup Extension/Info.plist";
				INFOPLIST_KEY_CFBundleDisplayName = "shorts-controlbackup Extension";
				INFOPLIST_KEY_NSHumanReadableCopyright = "";
				LD_RUNPATH_SEARCH_PATHS = (
					"$(inherited)",
					"@executable_path/../Frameworks",
					"@executable_path/../../../../Frameworks",
				);
				MACOSX_DEPLOYMENT_TARGET = 26.1;
				MARKETING_VERSION = 1.0;
				OTHER_LDFLAGS = (
					"-framework",
					SafariServices,
				);
				PRODUCT_BUNDLE_IDENTIFIER = "com.chandelier647.shorts-controlbackup.Extension";
				PRODUCT_NAME = "$(TARGET_NAME)";
				SDKROOT = macosx;
				SKIP_INSTALL = YES;
				STRING_CATALOG_GENERATE_SYMBOLS = YES;
				SWIFT_APPROACHABLE_CONCURRENCY = YES;
				SWIFT_EMIT_LOC_STRINGS = YES;
				SWIFT_UPCOMING_FEATURE_MEMBER_IMPORT_VISIBILITY = YES;
				SWIFT_VERSION = 5.0;
			};
			name = Release;
		};
		784D94BA2F09C11C00C0A758 /* Debug */ = {
			isa = XCBuildConfiguration;
			buildSettings = {
				ASSETCATALOG_COMPILER_APPICON_NAME = AppIcon;
				ASSETCATALOG_COMPILER_GLOBAL_ACCENT_COLOR_NAME = AccentColor;
				CODE_SIGN_IDENTITY = "Apple Development";
				CODE_SIGN_STYLE = Automatic;
				COMBINE_HIDPI_IMAGES = YES;
				CURRENT_PROJECT_VERSION = 1;
				DEVELOPMENT_TEAM = Y8DWE63H8E;
				ENABLE_APP_SANDBOX = YES;
				ENABLE_HARDENED_RUNTIME = YES;
				ENABLE_OUTGOING_NETWORK_CONNECTIONS = YES;
				ENABLE_USER_SELECTED_FILES = readonly;
				GENERATE_INFOPLIST_FILE = YES;
				INFOPLIST_KEY_CFBundleDisplayName = "shorts-control";
				INFOPLIST_KEY_NSHumanReadableCopyright = "";
				INFOPLIST_KEY_NSMainStoryboardFile = Main;
				INFOPLIST_KEY_NSPrincipalClass = NSApplication;
				LD_RUNPATH_SEARCH_PATHS = (
					"$(inherited)",
					"@executable_path/../Frameworks",
				);
				MACOSX_DEPLOYMENT_TARGET = 11.5;
				MARKETING_VERSION = 1.0;
				OTHER_LDFLAGS = (
					"-framework",
					SafariServices,
					"-framework",
					WebKit,
				);
				PRODUCT_BUNDLE_IDENTIFIER = "com.chandelier647.shorts-control";
				PRODUCT_NAME = "$(TARGET_NAME)";
				PROVISIONING_PROFILE_SPECIFIER = "";
				REGISTER_APP_GROUPS = YES;
				SDKROOT = macosx;
				STRING_CATALOG_GENERATE_SYMBOLS = YES;
				SWIFT_APPROACHABLE_CONCURRENCY = YES;
				SWIFT_DEFAULT_ACTOR_ISOLATION = MainActor;
				SWIFT_EMIT_LOC_STRINGS = YES;
				SWIFT_UPCOMING_FEATURE_MEMBER_IMPORT_VISIBILITY = YES;
				SWIFT_VERSION = 5.0;
			};
			name = Debug;
		};
		784D94BB2F09C11C00C0A758 /* Release */ = {
			isa = XCBuildConfiguration;
			buildSettings = {
				ASSETCATALOG_COMPILER_APPICON_NAME = AppIcon;
				ASSETCATALOG_COMPILER_GLOBAL_ACCENT_COLOR_NAME = AccentColor;
				CODE_SIGN_IDENTITY = "Apple Development";
				CODE_SIGN_STYLE = Automatic;
				COMBINE_HIDPI_IMAGES = YES;
				CURRENT_PROJECT_VERSION = 1;
				DEVELOPMENT_TEAM = Y8DWE63H8E;
				ENABLE_APP_SANDBOX = YES;
				ENABLE_HARDENED_RUNTIME = YES;
				ENABLE_OUTGOING_NETWORK_CONNECTIONS = YES;
				ENABLE_USER_SELECTED_FILES = readonly;
				GENERATE_INFOPLIST_FILE = YES;
				INFOPLIST_KEY_CFBundleDisplayName = "shorts-control";
				INFOPLIST_KEY_NSHumanReadableCopyright = "";
				INFOPLIST_KEY_NSMainStoryboardFile = Main;
				INFOPLIST_KEY_NSPrincipalClass = NSApplication;
				LD_RUNPATH_SEARCH_PATHS = (
					"$(inherited)",
					"@executable_path/../Frameworks",
				);
				MACOSX_DEPLOYMENT_TARGET = 11.5;
				MARKETING_VERSION = 1.0;
				OTHER_LDFLAGS = (
					"-framework",
					SafariServices,
					"-framework",
					WebKit,
				);
				PRODUCT_BUNDLE_IDENTIFIER = "com.chandelier647.shorts-control";
				PRODUCT_NAME = "$(TARGET_NAME)";
				PROVISIONING_PROFILE_SPECIFIER = "";
				REGISTER_APP_GROUPS = YES;
				SDKROOT = macosx;
				STRING_CATALOG_GENERATE_SYMBOLS = YES;
				SWIFT_APPROACHABLE_CONCURRENCY = YES;
				SWIFT_DEFAULT_ACTOR_ISOLATION = MainActor;
				SWIFT_EMIT_LOC_STRINGS = YES;
				SWIFT_UPCOMING_FEATURE_MEMBER_IMPORT_VISIBILITY = YES;
				SWIFT_VERSION = 5.0;
			};
			name = Release;
		};
		788DF7C32F09285000AD55F8 /* Debug */ = {
			isa = XCBuildConfiguration;
			buildSettings = {
				ALWAYS_SEARCH_USER_PATHS = NO;
				ASSETCATALOG_COMPILER_GENERATE_SWIFT_ASSET_SYMBOL_EXTENSIONS = YES;
				CLANG_ANALYZER_NONNULL = YES;
				CLANG_ANALYZER_NUMBER_OBJECT_CONVERSION = YES_AGGRESSIVE;
				CLANG_CXX_LANGUAGE_STANDARD = "gnu++20";
				CLANG_ENABLE_MODULES = YES;
				CLANG_ENABLE_OBJC_ARC = YES;
				CLANG_ENABLE_OBJC_WEAK = YES;
				CLANG_WARN_BLOCK_CAPTURE_AUTORELEASING = YES;
				CLANG_WARN_BOOL_CONVERSION = YES;
				CLANG_WARN_COMMA = YES;
				CLANG_WARN_CONSTANT_CONVERSION = YES;
				CLANG_WARN_DEPRECATED_OBJC_IMPLEMENTATIONS = YES;
				CLANG_WARN_DIRECT_OBJC_ISA_USAGE = YES_ERROR;
				CLANG_WARN_DOCUMENTATION_COMMENTS = YES;
				CLANG_WARN_EMPTY_BODY = YES;
				CLANG_WARN_ENUM_CONVERSION = YES;
				CLANG_WARN_INFINITE_RECURSION = YES;
				CLANG_WARN_INT_CONVERSION = YES;
				CLANG_WARN_NON_LITERAL_NULL_CONVERSION = YES;
				CLANG_WARN_OBJC_IMPLICIT_RETAIN_SELF = YES;
				CLANG_WARN_OBJC_LITERAL_CONVERSION = YES;
				CLANG_WARN_OBJC_ROOT_CLASS = YES_ERROR;
				CLANG_WARN_QUOTED_INCLUDE_IN_FRAMEWORK_HEADER = YES;
				CLANG_WARN_RANGE_LOOP_ANALYSIS = YES;
				CLANG_WARN_STRICT_PROTOTYPES = YES;
				CLANG_WARN_SUSPICIOUS_MOVE = YES;
				CLANG_WARN_UNGUARDED_AVAILABILITY = YES_AGGRESSIVE;
				CLANG_WARN_UNREACHABLE_CODE = YES;
				CLANG_WARN__DUPLICATE_METHOD_MATCH = YES;
				COPY_PHASE_STRIP = NO;
				DEBUG_INFORMATION_FORMAT = dwarf;
				DEVELOPMENT_TEAM = Y8DWE63H8E;
				ENABLE_STRICT_OBJC_MSGSEND = YES;
				ENABLE_TESTABILITY = YES;
				ENABLE_USER_SCRIPT_SANDBOXING = YES;
				GCC_C_LANGUAGE_STANDARD = gnu17;
				GCC_DYNAMIC_NO_PIC = NO;
				GCC_NO_COMMON_BLOCKS = YES;
				GCC_OPTIMIZATION_LEVEL = 0;
				GCC_PREPROCESSOR_DEFINITIONS = (
					"DEBUG=1",
					"$(inherited)",
				);
				GCC_WARN_64_TO_32_BIT_CONVERSION = YES;
				GCC_WARN_ABOUT_RETURN_TYPE = YES_ERROR;
				GCC_WARN_UNDECLARED_SELECTOR = YES;
				GCC_WARN_UNINITIALIZED_AUTOS = YES_AGGRESSIVE;
				GCC_WARN_UNUSED_FUNCTION = YES;
				GCC_WARN_UNUSED_VARIABLE = YES;
				INFOPLIST_KEY_CFBundleDisplayName = "$(PROJECT_NAME)";
				LOCALIZATION_PREFERS_STRING_CATALOGS = YES;
				MTL_ENABLE_DEBUG_INFO = INCLUDE_SOURCE;
				MTL_FAST_MATH = YES;
				ONLY_ACTIVE_ARCH = YES;
				PRODUCT_NAME = "$(PROJECT_NAME)";
				SWIFT_ACTIVE_COMPILATION_CONDITIONS = "DEBUG $(inherited)";
				SWIFT_OPTIMIZATION_LEVEL = "-Onone";
			};
			name = Debug;
		};
		788DF7C42F09285000AD55F8 /* Release */ = {
			isa = XCBuildConfiguration;
			buildSettings = {
				ALWAYS_SEARCH_USER_PATHS = NO;
				ASSETCATALOG_COMPILER_GENERATE_SWIFT_ASSET_SYMBOL_EXTENSIONS = YES;
				CLANG_ANALYZER_NONNULL = YES;
				CLANG_ANALYZER_NUMBER_OBJECT_CONVERSION = YES_AGGRESSIVE;
				CLANG_CXX_LANGUAGE_STANDARD = "gnu++20";
				CLANG_ENABLE_MODULES = YES;
				CLANG_ENABLE_OBJC_ARC = YES;
				CLANG_ENABLE_OBJC_WEAK = YES;
				CLANG_WARN_BLOCK_CAPTURE_AUTORELEASING = YES;
				CLANG_WARN_BOOL_CONVERSION = YES;
				CLANG_WARN_COMMA = YES;
				CLANG_WARN_CONSTANT_CONVERSION = YES;
				CLANG_WARN_DEPRECATED_OBJC_IMPLEMENTATIONS = YES;
				CLANG_WARN_DIRECT_OBJC_ISA_USAGE = YES_ERROR;
				CLANG_WARN_DOCUMENTATION_COMMENTS = YES;
				CLANG_WARN_EMPTY_BODY = YES;
				CLANG_WARN_ENUM_CONVERSION = YES;
				CLANG_WARN_INFINITE_RECURSION = YES;
				CLANG_WARN_INT_CONVERSION = YES;
				CLANG_WARN_NON_LITERAL_NULL_CONVERSION = YES;
				CLANG_WARN_OBJC_IMPLICIT_RETAIN_SELF = YES;
				CLANG_WARN_OBJC_LITERAL_CONVERSION = YES;
				CLANG_WARN_OBJC_ROOT_CLASS = YES_ERROR;
				CLANG_WARN_QUOTED_INCLUDE_IN_FRAMEWORK_HEADER = YES;
				CLANG_WARN_RANGE_LOOP_ANALYSIS = YES;
				CLANG_WARN_STRICT_PROTOTYPES = YES;
				CLANG_WARN_SUSPICIOUS_MOVE = YES;
				CLANG_WARN_UNGUARDED_AVAILABILITY = YES_AGGRESSIVE;
				CLANG_WARN_UNREACHABLE_CODE = YES;
				CLANG_WARN__DUPLICATE_METHOD_MATCH = YES;
				COPY_PHASE_STRIP = NO;
				DEBUG_INFORMATION_FORMAT = "dwarf-with-dsym";
				DEVELOPMENT_TEAM = Y8DWE63H8E;
				ENABLE_NS_ASSERTIONS = NO;
				ENABLE_STRICT_OBJC_MSGSEND = YES;
				ENABLE_USER_SCRIPT_SANDBOXING = YES;
				GCC_C_LANGUAGE_STANDARD = gnu17;
				GCC_NO_COMMON_BLOCKS = YES;
				GCC_WARN_64_TO_32_BIT_CONVERSION = YES;
				GCC_WARN_ABOUT_RETURN_TYPE = YES_ERROR;
				GCC_WARN_UNDECLARED_SELECTOR = YES;
				GCC_WARN_UNINITIALIZED_AUTOS = YES_AGGRESSIVE;
				GCC_WARN_UNUSED_FUNCTION = YES;
				GCC_WARN_UNUSED_VARIABLE = YES;
				INFOPLIST_KEY_CFBundleDisplayName = "$(PROJECT_NAME)";
				LOCALIZATION_PREFERS_STRING_CATALOGS = YES;
				MTL_ENABLE_DEBUG_INFO = NO;
				MTL_FAST_MATH = YES;
				PRODUCT_NAME = "$(PROJECT_NAME)";
				SWIFT_COMPILATION_MODE = wholemodule;
				VALIDATE_PRODUCT = YES;
			};
			name = Release;
		};
/* End XCBuildConfiguration section */

/* Begin XCConfigurationList section */
		784D94152F09B6F800C0A758 /* Build configuration list for PBXNativeTarget "macOS (Extension)" */ = {
			isa = XCConfigurationList;
			buildConfigurations = (
				784D94162F09B6F800C0A758 /* Debug */,
				784D94172F09B6F800C0A758 /* Release */,
			);
			defaultConfigurationIsVisible = 0;
			defaultConfigurationName = Release;
		};
		784D94192F09B6F800C0A758 /* Build configuration list for PBXNativeTarget "macOS (App)" */ = {
			isa = XCConfigurationList;
			buildConfigurations = (
				784D941A2F09B6F800C0A758 /* Debug */,
				784D941B2F09B6F800C0A758 /* Release */,
			);
			defaultConfigurationIsVisible = 0;
			defaultConfigurationName = Release;
		};
		784D94762F09BB5B00C0A758 /* Build configuration list for PBXNativeTarget "iOS (Extension)" */ = {
			isa = XCConfigurationList;
			buildConfigurations = (
				784D94772F09BB5B00C0A758 /* Debug */,
				784D94782F09BB5B00C0A758 /* Release */,
			);
			defaultConfigurationIsVisible = 0;
			defaultConfigurationName = Release;
		};
		784D947B2F09BB5B00C0A758 /* Build configuration list for PBXNativeTarget "iOS (App)" */ = {
			isa = XCConfigurationList;
			buildConfigurations = (
				784D947C2F09BB5B00C0A758 /* Debug */,
				784D947D2F09BB5B00C0A758 /* Release */,
			);
			defaultConfigurationIsVisible = 0;
			defaultConfigurationName = Release;
		};
		784D94B52F09C11C00C0A758 /* Build configuration list for PBXNativeTarget "shorts-controlbackup Extension" */ = {
			isa = XCConfigurationList;
			buildConfigurations = (
				784D94B62F09C11C00C0A758 /* Debug */,
				784D94B72F09C11C00C0A758 /* Release */,
			);
			defaultConfigurationIsVisible = 0;
			defaultConfigurationName = Release;
		};
		784D94B92F09C11C00C0A758 /* Build configuration list for PBXNativeTarget "shorts-controlbackup" */ = {
			isa = XCConfigurationList;
			buildConfigurations = (
				784D94BA2F09C11C00C0A758 /* Debug */,
				784D94BB2F09C11C00C0A758 /* Release */,
			);
			defaultConfigurationIsVisible = 0;
			defaultConfigurationName = Release;
		};
		788DF74A2F09284F00AD55F8 /* Build configuration list for PBXProject "shorts-control" */ = {
			isa = XCConfigurationList;
			buildConfigurations = (
				788DF7C32F09285000AD55F8 /* Debug */,
				788DF7C42F09285000AD55F8 /* Release */,
			);
			defaultConfigurationIsVisible = 0;
			defaultConfigurationName = Release;
		};
/* End XCConfigurationList section */
	};
	rootObject = 788DF7472F09284F00AD55F8 /* Project object */;
}
